// !$*UTF8*$!
{
	archiveVersion = 1;
	classes = {
	};
	objectVersion = 50;
	objects = {

/* Begin PBXBuildFile section */
		BCB4687F2253FC56006BCF61 /* StudyPlan.swift in Sources */ = {isa = PBXBuildFile; fileRef = BCB4687E2253FC56006BCF61 /* StudyPlan.swift */; };
		BCB468812253FD36006BCF61 /* StudyManager.swift in Sources */ = {isa = PBXBuildFile; fileRef = BCB468802253FD36006BCF61 /* StudyManager.swift */; };
		BCD94F752253E3A100AE0E28 /* AppDelegate.swift in Sources */ = {isa = PBXBuildFile; fileRef = BCD94F742253E3A100AE0E28 /* AppDelegate.swift */; };
		BCD94F7A2253E3A100AE0E28 /* Main.storyboard in Resources */ = {isa = PBXBuildFile; fileRef = BCD94F782253E3A100AE0E28 /* Main.storyboard */; };
		BCD94F7C2253E3A300AE0E28 /* Assets.xcassets in Resources */ = {isa = PBXBuildFile; fileRef = BCD94F7B2253E3A300AE0E28 /* Assets.xcassets */; };
		BCD94F7F2253E3A300AE0E28 /* LaunchScreen.storyboard in Resources */ = {isa = PBXBuildFile; fileRef = BCD94F7D2253E3A300AE0E28 /* LaunchScreen.storyboard */; };
		BCD94F872253E42C00AE0E28 /* StudyPlanViewController.swift in Sources */ = {isa = PBXBuildFile; fileRef = BCD94F862253E42C00AE0E28 /* StudyPlanViewController.swift */; };
		BCD94F892253E44500AE0E28 /* StudyPlansTableViewController.swift in Sources */ = {isa = PBXBuildFile; fileRef = BCD94F882253E44500AE0E28 /* StudyPlansTableViewController.swift */; };
/* End PBXBuildFile section */

/* Begin PBXFileReference section */
		BCB4687E2253FC56006BCF61 /* StudyPlan.swift */ = {isa = PBXFileReference; lastKnownFileType = sourcecode.swift; path = StudyPlan.swift; sourceTree = "<group>"; };
		BCB468802253FD36006BCF61 /* StudyManager.swift */ = {isa = PBXFileReference; lastKnownFileType = sourcecode.swift; path = StudyManager.swift; sourceTree = "<group>"; };
		BCD94F712253E3A100AE0E28 /* PlanosdeEstudo.app */ = {isa = PBXFileReference; explicitFileType = wrapper.application; includeInIndex = 0; path = PlanosdeEstudo.app; sourceTree = BUILT_PRODUCTS_DIR; };
		BCD94F742253E3A100AE0E28 /* AppDelegate.swift */ = {isa = PBXFileReference; lastKnownFileType = sourcecode.swift; path = AppDelegate.swift; sourceTree = "<group>"; };
		BCD94F792253E3A100AE0E28 /* Base */ = {isa = PBXFileReference; lastKnownFileType = file.storyboard; name = Base; path = Base.lproj/Main.storyboard; sourceTree = "<group>"; };
		BCD94F7B2253E3A300AE0E28 /* Assets.xcassets */ = {isa = PBXFileReference; lastKnownFileType = folder.assetcatalog; path = Assets.xcassets; sourceTree = "<group>"; };
		BCD94F7E2253E3A300AE0E28 /* Base */ = {isa = PBXFileReference; lastKnownFileType = file.storyboard; name = Base; path = Base.lproj/LaunchScreen.storyboard; sourceTree = "<group>"; };
		BCD94F802253E3A300AE0E28 /* Info.plist */ = {isa = PBXFileReference; lastKnownFileType = text.plist.xml; path = Info.plist; sourceTree = "<group>"; };
		BCD94F862253E42C00AE0E28 /* StudyPlanViewController.swift */ = {isa = PBXFileReference; lastKnownFileType = sourcecode.swift; path = StudyPlanViewController.swift; sourceTree = "<group>"; };
		BCD94F882253E44500AE0E28 /* StudyPlansTableViewController.swift */ = {isa = PBXFileReference; lastKnownFileType = sourcecode.swift; path = StudyPlansTableViewController.swift; sourceTree = "<group>"; };
/* End PBXFileReference section */

/* Begin PBXFrameworksBuildPhase section */
		BCD94F6E2253E3A100AE0E28 /* Frameworks */ = {
			isa = PBXFrameworksBuildPhase;
			buildActionMask = 2147483647;
			files = (
			);
			runOnlyForDeploymentPostprocessing = 0;
		};
/* End PBXFrameworksBuildPhase section */

/* Begin PBXGroup section */
		BCD94F682253E3A100AE0E28 = {
			isa = PBXGroup;
			children = (
				BCD94F732253E3A100AE0E28 /* PlanosdeEstudo */,
				BCD94F722253E3A100AE0E28 /* Products */,
			);
			sourceTree = "<group>";
		};
		BCD94F722253E3A100AE0E28 /* Products */ = {
			isa = PBXGroup;
			children = (
				BCD94F712253E3A100AE0E28 /* PlanosdeEstudo.app */,
			);
			name = Products;
			sourceTree = "<group>";
		};
		BCD94F732253E3A100AE0E28 /* PlanosdeEstudo */ = {
			isa = PBXGroup;
			children = (
				BCD94F742253E3A100AE0E28 /* AppDelegate.swift */,
				BCD94F862253E42C00AE0E28 /* StudyPlanViewController.swift */,
				BCD94F882253E44500AE0E28 /* StudyPlansTableViewController.swift */,
				BCB4687E2253FC56006BCF61 /* StudyPlan.swift */,
				BCB468802253FD36006BCF61 /* StudyManager.swift */,
				BCD94F782253E3A100AE0E28 /* Main.storyboard */,
				BCD94F7B2253E3A300AE0E28 /* Assets.xcassets */,
				BCD94F7D2253E3A300AE0E28 /* LaunchScreen.storyboard */,
				BCD94F802253E3A300AE0E28 /* Info.plist */,
			);
			path = PlanosdeEstudo;
			sourceTree = "<group>";
		};
/* End PBXGroup section */

/* Begin PBXNativeTarget section */
		BCD94F702253E3A100AE0E28 /* PlanosdeEstudo */ = {
			isa = PBXNativeTarget;
			buildConfigurationList = BCD94F832253E3A300AE0E28 /* Build configuration list for PBXNativeTarget "PlanosdeEstudo" */;
			buildPhases = (
				BCD94F6D2253E3A100AE0E28 /* Sources */,
				BCD94F6E2253E3A100AE0E28 /* Frameworks */,
				BCD94F6F2253E3A100AE0E28 /* Resources */,
			);
			buildRules = (
			);
			dependencies = (
			);
			name = PlanosdeEstudo;
			productName = PlanosdeEstudo;
			productReference = BCD94F712253E3A100AE0E28 /* PlanosdeEstudo.app */;
			productType = "com.apple.product-type.application";
		};
/* End PBXNativeTarget section */

/* Begin PBXProject section */
		BCD94F692253E3A100AE0E28 /* Project object */ = {
			isa = PBXProject;
			attributes = {
				LastSwiftUpdateCheck = 0940;
				LastUpgradeCheck = 0940;
				ORGANIZATIONNAME = "Denis Janoto";
				TargetAttributes = {
					BCD94F702253E3A100AE0E28 = {
						CreatedOnToolsVersion = 9.4.1;
					};
				};
			};
			buildConfigurationList = BCD94F6C2253E3A100AE0E28 /* Build configuration list for PBXProject "PlanosdeEstudo" */;
			compatibilityVersion = "Xcode 9.3";
			developmentRegion = en;
			hasScannedForEncodings = 0;
			knownRegions = (
				en,
				Base,
			);
			mainGroup = BCD94F682253E3A100AE0E28;
			productRefGroup = BCD94F722253E3A100AE0E28 /* Products */;
			projectDirPath = "";
			projectRoot = "";
			targets = (
				BCD94F702253E3A100AE0E28 /* PlanosdeEstudo */,
			);
		};
/* End PBXProject section */

/* Begin PBXResourcesBuildPhase section */
		BCD94F6F2253E3A100AE0E28 /* Resources */ = {
			isa = PBXResourcesBuildPhase;
			buildActionMask = 2147483647;
			files = (
				BCD94F7F2253E3A300AE0E28 /* LaunchScreen.storyboard in Resources */,
				BCD94F7C2253E3A300AE0E28 /* Assets.xcassets in Resources */,
				BCD94F7A2253E3A100AE0E28 /* Main.storyboard in Resources */,
			);
			runOnlyForDeploymentPostprocessing = 0;
		};
/* End PBXResourcesBuildPhase section */

/* Begin PBXSourcesBuildPhase section */
		BCD94F6D2253E3A100AE0E28 /* Sources */ = {
			isa = PBXSourcesBuildPhase;
			buildActionMask = 2147483647;
			files = (
				BCB468812253FD36006BCF61 /* StudyManager.swift in Sources */,
				BCD94F892253E44500AE0E28 /* StudyPlansTableViewController.swift in Sources */,
				BCD94F752253E3A100AE0E28 /* AppDelegate.swift in Sources */,
				BCB4687F2253FC56006BCF61 /* StudyPlan.swift in Sources */,
				BCD94F872253E42C00AE0E28 /* StudyPlanViewController.swift in Sources */,
			);
			runOnlyForDeploymentPostprocessing = 0;
		};
/* End PBXSourcesBuildPhase section */

/* Begin PBXVariantGroup section */
		BCD94F782253E3A100AE0E28 /* Main.storyboard */ = {
			isa = PBXVariantGroup;
			children = (
				BCD94F792253E3A100AE0E28 /* Base */,
			);
			name = Main.storyboard;
			sourceTree = "<group>";
		};
		BCD94F7D2253E3A300AE0E28 /* LaunchScreen.storyboard */ = {
			isa = PBXVariantGroup;
			children = (
				BCD94F7E2253E3A300AE0E28 /* Base */,
			);
			name = LaunchScreen.storyboard;
			sourceTree = "<group>";
		};
/* End PBXVariantGroup section */

/* Begin XCBuildConfiguration section */
		BCD94F812253E3A300AE0E28 /* Debug */ = {
			isa = XCBuildConfiguration;
			buildSettings = {
				ALWAYS_SEARCH_USER_PATHS = NO;
				CLANG_ANALYZER_NONNULL = YES;
				CLANG_ANALYZER_NUMBER_OBJECT_CONVERSION = YES_AGGRESSIVE;
				CLANG_CXX_LANGUAGE_STANDARD = "gnu++14";
				CLANG_CXX_LIBRARY = "libc++";
				CLANG_ENABLE_MODULES = YES;
				CLANG_ENABLE_OBJC_ARC = YES;
				CLANG_ENABLE_OBJC_WEAK = YES;
				CLANG_WARN_BLOCK_CAPTURE_AUTORELEASING = YES;
				CLANG_WARN_BOOL_CONVERSION = YES;
				CLANG_WARN_COMMA = YES;
				CLANG_WARN_CONSTANT_CONVERSION = YES;
				CLANG_WARN_DEPRECATED_OBJC_IMPLEMENTATIONS = YES;
				CLANG_WARN_DIRECT_OBJC_ISA_USAGE = YES_ERROR;
				CLANG_WARN_DOCUMENTATION_COMMENTS = YES;
				CLANG_WARN_EMPTY_BODY = YES;
				CLANG_WARN_ENUM_CONVERSION = YES;
				CLANG_WARN_INFINITE_RECURSION = YES;
				CLANG_WARN_INT_CONVERSION = YES;
				CLANG_WARN_NON_LITERAL_NULL_CONVERSION = YES;
				CLANG_WARN_OBJC_IMPLICIT_RETAIN_SELF = YES;
				CLANG_WARN_OBJC_LITERAL_CONVERSION = YES;
				CLANG_WARN_OBJC_ROOT_CLASS = YES_ERROR;
				CLANG_WARN_RANGE_LOOP_ANALYSIS = YES;
				CLANG_WARN_STRICT_PROTOTYPES = YES;
				CLANG_WARN_SUSPICIOUS_MOVE = YES;
				CLANG_WARN_UNGUARDED_AVAILABILITY = YES_AGGRESSIVE;
				CLANG_WARN_UNREACHABLE_CODE = YES;
				CLANG_WARN__DUPLICATE_METHOD_MATCH = YES;
				CODE_SIGN_IDENTITY = "iPhone Developer";
				COPY_PHASE_STRIP = NO;
				DEBUG_INFORMATION_FORMAT = dwarf;
				ENABLE_STRICT_OBJC_MSGSEND = YES;
				ENABLE_TESTABILITY = YES;
				GCC_C_LANGUAGE_STANDARD = gnu11;
				GCC_DYNAMIC_NO_PIC = NO;
				GCC_NO_COMMON_BLOCKS = YES;
				GCC_OPTIMIZATION_LEVEL = 0;
				GCC_PREPROCESSOR_DEFINITIONS = (
					"DEBUG=1",
					"$(inherited)",
				);
				GCC_WARN_64_TO_32_BIT_CONVERSION = YES;
				GCC_WARN_ABOUT_RETURN_TYPE = YES_ERROR;
				GCC_WARN_UNDECLARED_SELECTOR = YES;
				GCC_WARN_UNINITIALIZED_AUTOS = YES_AGGRESSIVE;
				GCC_WARN_UNUSED_FUNCTION = YES;
				GCC_WARN_UNUSED_VARIABLE = YES;
				IPHONEOS_DEPLOYMENT_TARGET = 11.4;
				MTL_ENABLE_DEBUG_INFO = YES;
				ONLY_ACTIVE_ARCH = YES;
				SDKROOT = iphoneos;
				SWIFT_ACTIVE_COMPILATION_CONDITIONS = DEBUG;
				SWIFT_OPTIMIZATION_LEVEL = "-Onone";
			};
			name = Debug;
		};
		BCD94F822253E3A300AE0E28 /* Release */ = {
			isa = XCBuildConfiguration;
			buildSettings = {
				ALWAYS_SEARCH_USER_PATHS = NO;
				CLANG_ANALYZER_NONNULL = YES;
				CLANG_ANALYZER_NUMBER_OBJECT_CONVERSION = YES_AGGRESSIVE;
				CLANG_CXX_LANGUAGE_STANDARD = "gnu++14";
				CLANG_CXX_LIBRARY = "libc++";
				CLANG_ENABLE_MODULES = YES;
				CLANG_ENABLE_OBJC_ARC = YES;
				CLANG_ENABLE_OBJC_WEAK = YES;
				CLANG_WARN_BLOCK_CAPTURE_AUTORELEASING = YES;
				CLANG_WARN_BOOL_CONVERSION = YES;
				CLANG_WARN_COMMA = YES;
				CLANG_WARN_CONSTANT_CONVERSION = YES;
				CLANG_WARN_DEPRECATED_OBJC_IMPLEMENTATIONS = YES;
				CLANG_WARN_DIRECT_OBJC_ISA_USAGE = YES_ERROR;
				CLANG_WARN_DOCUMENTATION_COMMENTS = YES;
				CLANG_WARN_EMPTY_BODY = YES;
				CLANG_WARN_ENUM_CONVERSION = YES;
				CLANG_WARN_INFINITE_RECURSION = YES;
				CLANG_WARN_INT_CONVERSION = YES;
				CLANG_WARN_NON_LITERAL_NULL_CONVERSION = YES;
				CLANG_WARN_OBJC_IMPLICIT_RETAIN_SELF = YES;
				CLANG_WARN_OBJC_LITERAL_CONVERSION = YES;
				CLANG_WARN_OBJC_ROOT_CLASS = YES_ERROR;
				CLANG_WARN_RANGE_LOOP_ANALYSIS = YES;
				CLANG_WARN_STRICT_PROTOTYPES = YES;
				CLANG_WARN_SUSPICIOUS_MOVE = YES;
				CLANG_WARN_UNGUARDED_AVAILABILITY = YES_AGGRESSIVE;
				CLANG_WARN_UNREACHABLE_CODE = YES;
				CLANG_WARN__DUPLICATE_METHOD_MATCH = YES;
				CODE_SIGN_IDENTITY = "iPhone Developer";
				COPY_PHASE_STRIP = NO;
				DEBUG_INFORMATION_FORMAT = "dwarf-with-dsym";
				ENABLE_NS_ASSERTIONS = NO;
				ENABLE_STRICT_OBJC_MSGSEND = YES;
				GCC_C_LANGUAGE_STANDARD = gnu11;
				GCC_NO_COMMON_BLOCKS = YES;
				GCC_WARN_64_TO_32_BIT_CONVERSION = YES;
				GCC_WARN_ABOUT_RETURN_TYPE = YES_ERROR;
				GCC_WARN_UNDECLARED_SELECTOR = YES;
				GCC_WARN_UNINITIALIZED_AUTOS = YES_AGGRESSIVE;
				GCC_WARN_UNUSED_FUNCTION = YES;
				GCC_WARN_UNUSED_VARIABLE = YES;
				IPHONEOS_DEPLOYMENT_TARGET = 11.4;
				MTL_ENABLE_DEBUG_INFO = NO;
				SDKROOT = iphoneos;
				SWIFT_COMPILATION_MODE = wholemodule;
				SWIFT_OPTIMIZATION_LEVEL = "-O";
				VALIDATE_PRODUCT = YES;
			};
			name = Release;
		};
		BCD94F842253E3A300AE0E28 /* Debug */ = {
			isa = XCBuildConfiguration;
			buildSettings = {
				ASSETCATALOG_COMPILER_APPICON_NAME = AppIcon;
				CODE_SIGN_STYLE = Automatic;
				INFOPLIST_FILE = PlanosdeEstudo/Info.plist;
				LD_RUNPATH_SEARCH_PATHS = (
					"$(inherited)",
					"@executable_path/Frameworks",
				);
				PRODUCT_BUNDLE_IDENTIFIER = com.planosdeestudo.PlanosdeEstudo;
				PRODUCT_NAME = "$(TARGET_NAME)";
				SWIFT_VERSION = 4.0;
				TARGETED_DEVICE_FAMILY = 1;
			};
			name = Debug;
		};
		BCD94F852253E3A300AE0E28 /* Release */ = {
			isa = XCBuildConfiguration;
			buildSettings = {
				ASSETCATALOG_COMPILER_APPICON_NAME = AppIcon;
				CODE_SIGN_STYLE = Automatic;
				INFOPLIST_FILE = PlanosdeEstudo/Info.plist;
				LD_RUNPATH_SEARCH_PATHS = (
					"$(inherited)",
					"@executable_path/Frameworks",
				);
				PRODUCT_BUNDLE_IDENTIFIER = com.planosdeestudo.PlanosdeEstudo;
				PRODUCT_NAME = "$(TARGET_NAME)";
				SWIFT_VERSION = 4.0;
				TARGETED_DEVICE_FAMILY = 1;
			};
			name = Release;
		};
/* End XCBuildConfiguration section */

/* Begin XCConfigurationList section */
		BCD94F6C2253E3A100AE0E28 /* Build configuration list for PBXProject "PlanosdeEstudo" */ = {
			isa = XCConfigurationList;
			buildConfigurations = (
				BCD94F812253E3A300AE0E28 /* Debug */,
				BCD94F822253E3A300AE0E28 /* Release */,
			);
			defaultConfigurationIsVisible = 0;
			defaultConfigurationName = Release;
		};
		BCD94F832253E3A300AE0E28 /* Build configuration list for PBXNativeTarget "PlanosdeEstudo" */ = {
			isa = XCConfigurationList;
			buildConfigurations = (
				BCD94F842253E3A300AE0E28 /* Debug */,
				BCD94F852253E3A300AE0E28 /* Release */,
			);
			defaultConfigurationIsVisible = 0;
			defaultConfigurationName = Release;
		};
/* End XCConfigurationList section */
	};
	rootObject = BCD94F692253E3A100AE0E28 /* Project object */;
}
